
Microsoft Visual Studio Solution File, Format Version 12.00
# Visual Studio Version 17
VisualStudioVersion = 17.0.31903.59
MinimumVisualStudioVersion = 10.0.40219.1
Project("{9A19103F-16F7-4668-BE54-9A1E7A4F7556}") = "LibraryManagementSystem.Service", "LibraryManagementSystem\LibraryManagementSystem.Service.csproj", "{5F1FF7F1-BE0C-4854-A926-3F5FBE655419}"
EndProject
Project("{9A19103F-16F7-4668-BE54-9A1E7A4F7556}") = "LibraryManagementSystem.Tests", "LibraryManagementSystem.Tests\LibraryManagementSystem.Tests.csproj", "{A2627BDC-D60E-4151-A693-65FFA8663D0E}"
EndProject
Project("{FAE04EC0-301F-11D3-BF4B-00C04F79EFBC}") = "LibraryManagementSystem.Api", "LibraryManagementSystem.Api\LibraryManagementSystem.Api.csproj", "{EEC34749-F3DF-4C31-9B82-FC95A48888AE}"
EndProject
Global
	GlobalSection(SolutionConfigurationPlatforms) = preSolution
		Debug|Any CPU = Debug|Any CPU
		Release|Any CPU = Release|Any CPU
	EndGlobalSection
	GlobalSection(ProjectConfigurationPlatforms) = postSolution
		{5F1FF7F1-BE0C-4854-A926-3F5FBE655419}.Debug|Any CPU.ActiveCfg = Debug|Any CPU
		{5F1FF7F1-BE0C-4854-A926-3F5FBE655419}.Debug|Any CPU.Build.0 = Debug|Any CPU
		{5F1FF7F1-BE0C-4854-A926-3F5FBE655419}.Release|Any CPU.ActiveCfg = Release|Any CPU
		{5F1FF7F1-BE0C-4854-A926-3F5FBE655419}.Release|Any CPU.Build.0 = Release|Any CPU
		{A2627BDC-D60E-4151-A693-65FFA8663D0E}.Debug|Any CPU.ActiveCfg = Debug|Any CPU
		{A2627BDC-D60E-4151-A693-65FFA8663D0E}.Debug|Any CPU.Build.0 = Debug|Any CPU
		{A2627BDC-D60E-4151-A693-65FFA8663D0E}.Release|Any CPU.ActiveCfg = Release|Any CPU
		{A2627BDC-D60E-4151-A693-65FFA8663D0E}.Release|Any CPU.Build.0 = Release|Any CPU
		{EEC34749-F3DF-4C31-9B82-FC95A48888AE}.Debug|Any CPU.ActiveCfg = Debug|Any CPU
		{EEC34749-F3DF-4C31-9B82-FC95A48888AE}.Debug|Any CPU.Build.0 = Debug|Any CPU
		{EEC34749-F3DF-4C31-9B82-FC95A48888AE}.Release|Any CPU.ActiveCfg = Release|Any CPU
		{EEC34749-F3DF-4C31-9B82-FC95A48888AE}.Release|Any CPU.Build.0 = Release|Any CPU
	EndGlobalSection
	GlobalSection(SolutionProperties) = preSolution
		HideSolutionNode = FALSE
	EndGlobalSection
	GlobalSection(ExtensibilityGlobals) = postSolution
		SolutionGuid = {1C7643BB-85BD-4EF0-8044-3F137BC55FD1}
	EndGlobalSection
EndGlobal
